
Microsoft Visual Studio Solution File, Format Version 12.00
# Visual Studio Version 17
VisualStudioVersion = 17.10.34928.147
MinimumVisualStudioVersion = 10.0.40219.1
Project("{9A19103F-16F7-4668-BE54-9A1E7A4F7556}") = "EVOptimizationAPI", "EVOptimizationAPI\EVOptimizationAPI.csproj", "{33611FCF-90C2-4D39-8A19-9ABE9CC195C0}"
EndProject
Project("{9A19103F-16F7-4668-BE54-9A1E7A4F7556}") = "CoreLibrary", "..\CoreLibrary\CoreLibrary\CoreLibrary.csproj", "{A56F4DEC-FD0B-447B-944E-36BBC6D5D0FD}"
EndProject
Project("{9A19103F-16F7-4668-BE54-9A1E7A4F7556}") = "EVOptimization", "..\EVOptimization\EVOptimization\EVOptimization.csproj", "{C962840A-AEC2-4E41-B81E-FFC16E2536FD}"
EndProject
Global
	GlobalSection(SolutionConfigurationPlatforms) = preSolution
		Debug|Any CPU = Debug|Any CPU
		Release|Any CPU = Release|Any CPU
	EndGlobalSection
	GlobalSection(ProjectConfigurationPlatforms) = postSolution
		{33611FCF-90C2-4D39-8A19-9ABE9CC195C0}.Debug|Any CPU.ActiveCfg = Debug|Any CPU
		{33611FCF-90C2-4D39-8A19-9ABE9CC195C0}.Debug|Any CPU.Build.0 = Debug|Any CPU
		{33611FCF-90C2-4D39-8A19-9ABE9CC195C0}.Release|Any CPU.ActiveCfg = Release|Any CPU
		{33611FCF-90C2-4D39-8A19-9ABE9CC195C0}.Release|Any CPU.Build.0 = Release|Any CPU
		{A56F4DEC-FD0B-447B-944E-36BBC6D5D0FD}.Debug|Any CPU.ActiveCfg = Debug|Any CPU
		{A56F4DEC-FD0B-447B-944E-36BBC6D5D0FD}.Debug|Any CPU.Build.0 = Debug|Any CPU
		{A56F4DEC-FD0B-447B-944E-36BBC6D5D0FD}.Release|Any CPU.ActiveCfg = Release|Any CPU
		{A56F4DEC-FD0B-447B-944E-36BBC6D5D0FD}.Release|Any CPU.Build.0 = Release|Any CPU
		{C962840A-AEC2-4E41-B81E-FFC16E2536FD}.Debug|Any CPU.ActiveCfg = Debug|Any CPU
		{C962840A-AEC2-4E41-B81E-FFC16E2536FD}.Debug|Any CPU.Build.0 = Debug|Any CPU
		{C962840A-AEC2-4E41-B81E-FFC16E2536FD}.Release|Any CPU.ActiveCfg = Release|Any CPU
		{C962840A-AEC2-4E41-B81E-FFC16E2536FD}.Release|Any CPU.Build.0 = Release|Any CPU
	EndGlobalSection
	GlobalSection(SolutionProperties) = preSolution
		HideSolutionNode = FALSE
	EndGlobalSection
	GlobalSection(ExtensibilityGlobals) = postSolution
		SolutionGuid = {FE40B0A4-9050-4654-92A9-7FDEFA3C9EE1}
	EndGlobalSection
EndGlobal
