
Microsoft Visual Studio Solution File, Format Version 12.00
# Visual Studio Version 17
VisualStudioVersion = 17.10.34928.147
MinimumVisualStudioVersion = 10.0.40219.1
Project("{FAE04EC0-301F-11D3-BF4B-00C04F79EFBC}") = "CoreLibrary", "CoreLibrary\CoreLibrary.csproj", "{2DBE2FD6-7E08-4834-973B-BA02080FA3AD}"
EndProject
Global
	GlobalSection(SolutionConfigurationPlatforms) = preSolution
		Debug|Any CPU = Debug|Any CPU
		Release|Any CPU = Release|Any CPU
	EndGlobalSection
	GlobalSection(ProjectConfigurationPlatforms) = postSolution
		{2DBE2FD6-7E08-4834-973B-BA02080FA3AD}.Debug|Any CPU.ActiveCfg = Debug|Any CPU
		{2DBE2FD6-7E08-4834-973B-BA02080FA3AD}.Debug|Any CPU.Build.0 = Debug|Any CPU
		{2DBE2FD6-7E08-4834-973B-BA02080FA3AD}.Release|Any CPU.ActiveCfg = Release|Any CPU
		{2DBE2FD6-7E08-4834-973B-BA02080FA3AD}.Release|Any CPU.Build.0 = Release|Any CPU
	EndGlobalSection
	GlobalSection(SolutionProperties) = preSolution
		HideSolutionNode = FALSE
	EndGlobalSection
	GlobalSection(ExtensibilityGlobals) = postSolution
		SolutionGuid = {B230E468-BFDD-4BAB-A652-BDF4E66F96F6}
	EndGlobalSection
EndGlobal
